
Microsoft Visual Studio Solution File, Format Version 12.00
# Visual Studio Version 17
VisualStudioVersion = 17.9.34622.214
MinimumVisualStudioVersion = 10.0.40219.1
Project("{FAE04EC0-301F-11D3-BF4B-00C04F79EFBC}") = "UlrAlias", "UlrAlias\UlrAlias.csproj", "{1CE56FE0-80B4-43D5-BBF8-7107904C010B}"
EndProject
Project("{FAE04EC0-301F-11D3-BF4B-00C04F79EFBC}") = "UlrAlias.UnitTests", "UlrAlias.UnitTests\UlrAlias.UnitTests.csproj", "{78E6D3C7-C088-4DDD-BE05-FBCD056E51F8}"
EndProject
Global
	GlobalSection(SolutionConfigurationPlatforms) = preSolution
		Debug|Any CPU = Debug|Any CPU
		Release|Any CPU = Release|Any CPU
	EndGlobalSection
	GlobalSection(ProjectConfigurationPlatforms) = postSolution
		{1CE56FE0-80B4-43D5-BBF8-7107904C010B}.Debug|Any CPU.ActiveCfg = Debug|Any CPU
		{1CE56FE0-80B4-43D5-BBF8-7107904C010B}.Debug|Any CPU.Build.0 = Debug|Any CPU
		{1CE56FE0-80B4-43D5-BBF8-7107904C010B}.Release|Any CPU.ActiveCfg = Release|Any CPU
		{1CE56FE0-80B4-43D5-BBF8-7107904C010B}.Release|Any CPU.Build.0 = Release|Any CPU
		{78E6D3C7-C088-4DDD-BE05-FBCD056E51F8}.Debug|Any CPU.ActiveCfg = Debug|Any CPU
		{78E6D3C7-C088-4DDD-BE05-FBCD056E51F8}.Debug|Any CPU.Build.0 = Debug|Any CPU
		{78E6D3C7-C088-4DDD-BE05-FBCD056E51F8}.Release|Any CPU.ActiveCfg = Release|Any CPU
		{78E6D3C7-C088-4DDD-BE05-FBCD056E51F8}.Release|Any CPU.Build.0 = Release|Any CPU
	EndGlobalSection
	GlobalSection(SolutionProperties) = preSolution
		HideSolutionNode = FALSE
	EndGlobalSection
	GlobalSection(ExtensibilityGlobals) = postSolution
		SolutionGuid = {308EF7E4-F33F-41C3-A709-E2C4764BFDA7}
	EndGlobalSection
EndGlobal
